
Microsoft Visual Studio Solution File, Format Version 12.00
# Visual Studio 15
Project("{FAE04EC0-301F-11D3-BF4B-00C04F79EFBC}") = "Assembly-CSharp", "Assembly-CSharp.csproj", "{11AF92B0-6B88-47CA-E5AA-AB31258FB872}"
EndProject
Project("{FAE04EC0-301F-11D3-BF4B-00C04F79EFBC}") = "Assembly-CSharp-Editor", "Assembly-CSharp-Editor.csproj", "{DE3B6E6D-8826-57A1-1E08-EFE19661AD8F}"
EndProject
Global
	GlobalSection(SolutionConfigurationPlatforms) = preSolution
		Debug|Any CPU = Debug|Any CPU
		Release|Any CPU = Release|Any CPU
	EndGlobalSection
	GlobalSection(ProjectConfigurationPlatforms) = postSolution
		{11AF92B0-6B88-47CA-E5AA-AB31258FB872}.Debug|Any CPU.ActiveCfg = Debug|Any CPU
		{11AF92B0-6B88-47CA-E5AA-AB31258FB872}.Debug|Any CPU.Build.0 = Debug|Any CPU
		{11AF92B0-6B88-47CA-E5AA-AB31258FB872}.Release|Any CPU.ActiveCfg = Release|Any CPU
		{11AF92B0-6B88-47CA-E5AA-AB31258FB872}.Release|Any CPU.Build.0 = Release|Any CPU
		{DE3B6E6D-8826-57A1-1E08-EFE19661AD8F}.Debug|Any CPU.ActiveCfg = Debug|Any CPU
		{DE3B6E6D-8826-57A1-1E08-EFE19661AD8F}.Debug|Any CPU.Build.0 = Debug|Any CPU
		{DE3B6E6D-8826-57A1-1E08-EFE19661AD8F}.Release|Any CPU.ActiveCfg = Release|Any CPU
		{DE3B6E6D-8826-57A1-1E08-EFE19661AD8F}.Release|Any CPU.Build.0 = Release|Any CPU
	EndGlobalSection
	GlobalSection(SolutionProperties) = preSolution
		HideSolutionNode = FALSE
	EndGlobalSection
EndGlobal
